
Microsoft Visual Studio Solution File, Format Version 12.00
# Visual Studio Version 17
VisualStudioVersion = 17.4.33205.214
MinimumVisualStudioVersion = 10.0.40219.1
Project("{9A19103F-16F7-4668-BE54-9A1E7A4F7556}") = "GrpcService1", "GrpcService1\GrpcService1.csproj", "{CD064FCB-F42F-498D-A4C8-FA6B980C252C}"
EndProject
Project("{FAE04EC0-301F-11D3-BF4B-00C04F79EFBC}") = "GrpcCrudService", "GrpcCrudService\GrpcCrudService.csproj", "{F7DF504D-2312-4F29-A63B-B4752F1477B8}"
EndProject
Global
	GlobalSection(SolutionConfigurationPlatforms) = preSolution
		Debug|Any CPU = Debug|Any CPU
		Development|Any CPU = Development|Any CPU
		Release|Any CPU = Release|Any CPU
	EndGlobalSection
	GlobalSection(ProjectConfigurationPlatforms) = postSolution
		{CD064FCB-F42F-498D-A4C8-FA6B980C252C}.Debug|Any CPU.ActiveCfg = Debug|Any CPU
		{CD064FCB-F42F-498D-A4C8-FA6B980C252C}.Debug|Any CPU.Build.0 = Debug|Any CPU
		{CD064FCB-F42F-498D-A4C8-FA6B980C252C}.Development|Any CPU.ActiveCfg = Debug|Any CPU
		{CD064FCB-F42F-498D-A4C8-FA6B980C252C}.Development|Any CPU.Build.0 = Debug|Any CPU
		{CD064FCB-F42F-498D-A4C8-FA6B980C252C}.Release|Any CPU.ActiveCfg = Release|Any CPU
		{CD064FCB-F42F-498D-A4C8-FA6B980C252C}.Release|Any CPU.Build.0 = Release|Any CPU
		{F7DF504D-2312-4F29-A63B-B4752F1477B8}.Debug|Any CPU.ActiveCfg = Debug|Any CPU
		{F7DF504D-2312-4F29-A63B-B4752F1477B8}.Debug|Any CPU.Build.0 = Debug|Any CPU
		{F7DF504D-2312-4F29-A63B-B4752F1477B8}.Development|Any CPU.ActiveCfg = Debug|Any CPU
		{F7DF504D-2312-4F29-A63B-B4752F1477B8}.Development|Any CPU.Build.0 = Debug|Any CPU
		{F7DF504D-2312-4F29-A63B-B4752F1477B8}.Release|Any CPU.ActiveCfg = Release|Any CPU
		{F7DF504D-2312-4F29-A63B-B4752F1477B8}.Release|Any CPU.Build.0 = Release|Any CPU
	EndGlobalSection
	GlobalSection(SolutionProperties) = preSolution
		HideSolutionNode = FALSE
	EndGlobalSection
	GlobalSection(ExtensibilityGlobals) = postSolution
		SolutionGuid = {68E774B9-E133-4BEF-84C7-B960599B607C}
	EndGlobalSection
EndGlobal
